
Microsoft Visual Studio Solution File, Format Version 12.00
# Visual Studio Version 17
VisualStudioVersion = 17.4.33213.308
MinimumVisualStudioVersion = 10.0.40219.1
Project("{FAE04EC0-301F-11D3-BF4B-00C04F79EFBC}") = "LaptopVendorMVC", "LaptopVendorMVC\LaptopVendorMVC.csproj", "{626407FE-A8D1-447F-89F1-D55954AE2B69}"
EndProject
Global
	GlobalSection(SolutionConfigurationPlatforms) = preSolution
		Debug|Any CPU = Debug|Any CPU
		Release|Any CPU = Release|Any CPU
	EndGlobalSection
	GlobalSection(ProjectConfigurationPlatforms) = postSolution
		{626407FE-A8D1-447F-89F1-D55954AE2B69}.Debug|Any CPU.ActiveCfg = Debug|Any CPU
		{626407FE-A8D1-447F-89F1-D55954AE2B69}.Debug|Any CPU.Build.0 = Debug|Any CPU
		{626407FE-A8D1-447F-89F1-D55954AE2B69}.Release|Any CPU.ActiveCfg = Release|Any CPU
		{626407FE-A8D1-447F-89F1-D55954AE2B69}.Release|Any CPU.Build.0 = Release|Any CPU
	EndGlobalSection
	GlobalSection(SolutionProperties) = preSolution
		HideSolutionNode = FALSE
	EndGlobalSection
	GlobalSection(ExtensibilityGlobals) = postSolution
		SolutionGuid = {B8B7DA8C-3905-41B6-BEF7-44A0F8F33FB8}
	EndGlobalSection
EndGlobal
